
Microsoft Visual Studio Solution File, Format Version 12.00
Project("{FAE04EC0-301F-11D3-BF4B-00C04F79EFBC}") = "Vitrify.API", "Vitrify.API\Vitrify.API.csproj", "{19112DA6-6991-4AB2-938E-B93B44BE40B7}"
EndProject
Global
	GlobalSection(SolutionConfigurationPlatforms) = preSolution
		Debug|Any CPU = Debug|Any CPU
		Release|Any CPU = Release|Any CPU
	EndGlobalSection
	GlobalSection(ProjectConfigurationPlatforms) = postSolution
		{19112DA6-6991-4AB2-938E-B93B44BE40B7}.Debug|Any CPU.ActiveCfg = Debug|Any CPU
		{19112DA6-6991-4AB2-938E-B93B44BE40B7}.Debug|Any CPU.Build.0 = Debug|Any CPU
		{19112DA6-6991-4AB2-938E-B93B44BE40B7}.Release|Any CPU.ActiveCfg = Release|Any CPU
		{19112DA6-6991-4AB2-938E-B93B44BE40B7}.Release|Any CPU.Build.0 = Release|Any CPU
	EndGlobalSection
EndGlobal
